
Microsoft Visual Studio Solution File, Format Version 12.00
# Visual Studio Version 16
VisualStudioVersion = 16.0.29001.49
MinimumVisualStudioVersion = 10.0.40219.1
Project("{FAE04EC0-301F-11D3-BF4B-00C04F79EFBC}") = "Gerenciador de Chaves de Ativação", "Gerenciador de Chaves de Ativação\Gerenciador de Chaves de Ativação.csproj", "{C65663AA-6663-44AC-B083-DA804893D2E8}"
EndProject
Global
	GlobalSection(SolutionConfigurationPlatforms) = preSolution
		Debug|Any CPU = Debug|Any CPU
		Release|Any CPU = Release|Any CPU
	EndGlobalSection
	GlobalSection(ProjectConfigurationPlatforms) = postSolution
		{C65663AA-6663-44AC-B083-DA804893D2E8}.Debug|Any CPU.ActiveCfg = Debug|Any CPU
		{C65663AA-6663-44AC-B083-DA804893D2E8}.Debug|Any CPU.Build.0 = Debug|Any CPU
		{C65663AA-6663-44AC-B083-DA804893D2E8}.Release|Any CPU.ActiveCfg = Release|Any CPU
		{C65663AA-6663-44AC-B083-DA804893D2E8}.Release|Any CPU.Build.0 = Release|Any CPU
	EndGlobalSection
	GlobalSection(SolutionProperties) = preSolution
		HideSolutionNode = FALSE
	EndGlobalSection
	GlobalSection(ExtensibilityGlobals) = postSolution
		SolutionGuid = {BC8449DB-6551-4E53-820F-FA324342EC14}
	EndGlobalSection
EndGlobal
